
Microsoft Visual Studio Solution File, Format Version 12.00
# Visual Studio Version 17
VisualStudioVersion = 17.6.33829.357
MinimumVisualStudioVersion = 10.0.40219.1
Project("{FAE04EC0-301F-11D3-BF4B-00C04F79EFBC}") = "PostTrainingBackend", "PostTraining\PostTrainingBackend.csproj", "{B75B6FDB-FFD8-4980-B851-0C2C3DFEBA66}"
EndProject
Project("{FAE04EC0-301F-11D3-BF4B-00C04F79EFBC}") = "PostTrainingFrontend", "PostTrainingFrontend\PostTrainingFrontend.csproj", "{7FD9ED53-FECF-4675-9E41-B96A06E896C0}"
EndProject
Global
	GlobalSection(SolutionConfigurationPlatforms) = preSolution
		Debug|Any CPU = Debug|Any CPU
		Release|Any CPU = Release|Any CPU
	EndGlobalSection
	GlobalSection(ProjectConfigurationPlatforms) = postSolution
		{B75B6FDB-FFD8-4980-B851-0C2C3DFEBA66}.Debug|Any CPU.ActiveCfg = Debug|Any CPU
		{B75B6FDB-FFD8-4980-B851-0C2C3DFEBA66}.Debug|Any CPU.Build.0 = Debug|Any CPU
		{B75B6FDB-FFD8-4980-B851-0C2C3DFEBA66}.Release|Any CPU.ActiveCfg = Release|Any CPU
		{B75B6FDB-FFD8-4980-B851-0C2C3DFEBA66}.Release|Any CPU.Build.0 = Release|Any CPU
		{7FD9ED53-FECF-4675-9E41-B96A06E896C0}.Debug|Any CPU.ActiveCfg = Debug|Any CPU
		{7FD9ED53-FECF-4675-9E41-B96A06E896C0}.Debug|Any CPU.Build.0 = Debug|Any CPU
		{7FD9ED53-FECF-4675-9E41-B96A06E896C0}.Release|Any CPU.ActiveCfg = Release|Any CPU
		{7FD9ED53-FECF-4675-9E41-B96A06E896C0}.Release|Any CPU.Build.0 = Release|Any CPU
	EndGlobalSection
	GlobalSection(SolutionProperties) = preSolution
		HideSolutionNode = FALSE
	EndGlobalSection
	GlobalSection(ExtensibilityGlobals) = postSolution
		SolutionGuid = {29DF3DB8-DB07-47B5-8D61-49C043CED9F6}
	EndGlobalSection
EndGlobal
